
Microsoft Visual Studio Solution File, Format Version 12.00
# Visual Studio 15
VisualStudioVersion = 15.0.26730.12
MinimumVisualStudioVersion = 10.0.40219.1
Project("{FAE04EC0-301F-11D3-BF4B-00C04F79EFBC}") = "GroupingAppWithSignalR", "GroupingAppWithSignalR\GroupingAppWithSignalR.csproj", "{05CEF67B-0A76-41DD-B327-FB4AF4971FCB}"
EndProject
Global
	GlobalSection(SolutionConfigurationPlatforms) = preSolution
		Debug|Any CPU = Debug|Any CPU
		Release|Any CPU = Release|Any CPU
	EndGlobalSection
	GlobalSection(ProjectConfigurationPlatforms) = postSolution
		{05CEF67B-0A76-41DD-B327-FB4AF4971FCB}.Debug|Any CPU.ActiveCfg = Debug|Any CPU
		{05CEF67B-0A76-41DD-B327-FB4AF4971FCB}.Debug|Any CPU.Build.0 = Debug|Any CPU
		{05CEF67B-0A76-41DD-B327-FB4AF4971FCB}.Release|Any CPU.ActiveCfg = Release|Any CPU
		{05CEF67B-0A76-41DD-B327-FB4AF4971FCB}.Release|Any CPU.Build.0 = Release|Any CPU
	EndGlobalSection
	GlobalSection(SolutionProperties) = preSolution
		HideSolutionNode = FALSE
	EndGlobalSection
	GlobalSection(ExtensibilityGlobals) = postSolution
		SolutionGuid = {ED9C1876-B93A-4D65-8C9D-E5F1062D33BD}
	EndGlobalSection
EndGlobal
